
Microsoft Visual Studio Solution File, Format Version 12.00
# Visual Studio 15
VisualStudioVersion = 15.0.28307.271
MinimumVisualStudioVersion = 10.0.40219.1
Project("{FAE04EC0-301F-11D3-BF4B-00C04F79EFBC}") = "OnionWeb", "OnionWeb\OnionWeb.csproj", "{0B7FA824-DA0D-4047-94A7-6FA627194794}"
EndProject
Project("{FAE04EC0-301F-11D3-BF4B-00C04F79EFBC}") = "OnionDomain", "OnionDomain\OnionDomain.csproj", "{C6257E4F-BFD9-4815-83C8-FB342E992E04}"
EndProject
Project("{FAE04EC0-301F-11D3-BF4B-00C04F79EFBC}") = "OnionRepository", "OnionRepository\OnionRepository.csproj", "{C5D30347-79C8-4312-8D75-A24A3C66A2C0}"
EndProject
Project("{FAE04EC0-301F-11D3-BF4B-00C04F79EFBC}") = "OnionService", "OnionService\OnionService.csproj", "{16AD1851-9E7F-4C3E-9C21-42FF3FAF848A}"
EndProject
Global
	GlobalSection(SolutionConfigurationPlatforms) = preSolution
		Debug|Any CPU = Debug|Any CPU
		Release|Any CPU = Release|Any CPU
	EndGlobalSection
	GlobalSection(ProjectConfigurationPlatforms) = postSolution
		{0B7FA824-DA0D-4047-94A7-6FA627194794}.Debug|Any CPU.ActiveCfg = Debug|Any CPU
		{0B7FA824-DA0D-4047-94A7-6FA627194794}.Debug|Any CPU.Build.0 = Debug|Any CPU
		{0B7FA824-DA0D-4047-94A7-6FA627194794}.Release|Any CPU.ActiveCfg = Release|Any CPU
		{0B7FA824-DA0D-4047-94A7-6FA627194794}.Release|Any CPU.Build.0 = Release|Any CPU
		{C6257E4F-BFD9-4815-83C8-FB342E992E04}.Debug|Any CPU.ActiveCfg = Debug|Any CPU
		{C6257E4F-BFD9-4815-83C8-FB342E992E04}.Debug|Any CPU.Build.0 = Debug|Any CPU
		{C6257E4F-BFD9-4815-83C8-FB342E992E04}.Release|Any CPU.ActiveCfg = Release|Any CPU
		{C6257E4F-BFD9-4815-83C8-FB342E992E04}.Release|Any CPU.Build.0 = Release|Any CPU
		{C5D30347-79C8-4312-8D75-A24A3C66A2C0}.Debug|Any CPU.ActiveCfg = Debug|Any CPU
		{C5D30347-79C8-4312-8D75-A24A3C66A2C0}.Debug|Any CPU.Build.0 = Debug|Any CPU
		{C5D30347-79C8-4312-8D75-A24A3C66A2C0}.Release|Any CPU.ActiveCfg = Release|Any CPU
		{C5D30347-79C8-4312-8D75-A24A3C66A2C0}.Release|Any CPU.Build.0 = Release|Any CPU
		{16AD1851-9E7F-4C3E-9C21-42FF3FAF848A}.Debug|Any CPU.ActiveCfg = Debug|Any CPU
		{16AD1851-9E7F-4C3E-9C21-42FF3FAF848A}.Debug|Any CPU.Build.0 = Debug|Any CPU
		{16AD1851-9E7F-4C3E-9C21-42FF3FAF848A}.Release|Any CPU.ActiveCfg = Release|Any CPU
		{16AD1851-9E7F-4C3E-9C21-42FF3FAF848A}.Release|Any CPU.Build.0 = Release|Any CPU
	EndGlobalSection
	GlobalSection(SolutionProperties) = preSolution
		HideSolutionNode = FALSE
	EndGlobalSection
	GlobalSection(ExtensibilityGlobals) = postSolution
		SolutionGuid = {5063BC22-0FD5-4E3D-941B-7CD3B2142ADF}
	EndGlobalSection
EndGlobal
